
Microsoft Visual Studio Solution File, Format Version 12.00
# Visual Studio Version 17
VisualStudioVersion = 17.9.34728.123
MinimumVisualStudioVersion = 10.0.40219.1
Project("{FAE04EC0-301F-11D3-BF4B-00C04F79EFBC}") = "SpartaDungeon", "SpartaDungeon\SpartaDungeon.csproj", "{E23009FE-8E8C-4C92-B433-6C410E7957FF}"
EndProject
Global
	GlobalSection(SolutionConfigurationPlatforms) = preSolution
		Debug|Any CPU = Debug|Any CPU
		Release|Any CPU = Release|Any CPU
	EndGlobalSection
	GlobalSection(ProjectConfigurationPlatforms) = postSolution
		{E23009FE-8E8C-4C92-B433-6C410E7957FF}.Debug|Any CPU.ActiveCfg = Debug|Any CPU
		{E23009FE-8E8C-4C92-B433-6C410E7957FF}.Debug|Any CPU.Build.0 = Debug|Any CPU
		{E23009FE-8E8C-4C92-B433-6C410E7957FF}.Release|Any CPU.ActiveCfg = Release|Any CPU
		{E23009FE-8E8C-4C92-B433-6C410E7957FF}.Release|Any CPU.Build.0 = Release|Any CPU
	EndGlobalSection
	GlobalSection(SolutionProperties) = preSolution
		HideSolutionNode = FALSE
	EndGlobalSection
	GlobalSection(ExtensibilityGlobals) = postSolution
		SolutionGuid = {D32D65D8-6082-4AAF-BE2E-4F07BC148E67}
	EndGlobalSection
EndGlobal
